
Microsoft Visual Studio Solution File, Format Version 12.00
# Visual Studio Version 17
VisualStudioVersion = 17.14.36930.0 d17.14
MinimumVisualStudioVersion = 10.0.40219.1
Project("{FAE04EC0-301F-11D3-BF4B-00C04F79EFBC}") = "OSCLeash", "OSCLeash.csproj", "{2E9FA675-25D3-CEAA-7AF5-EEF9661D3C6A}"
EndProject
Global
	GlobalSection(SolutionConfigurationPlatforms) = preSolution
		Debug|Any CPU = Debug|Any CPU
		Release|Any CPU = Release|Any CPU
	EndGlobalSection
	GlobalSection(ProjectConfigurationPlatforms) = postSolution
		{2E9FA675-25D3-CEAA-7AF5-EEF9661D3C6A}.Debug|Any CPU.ActiveCfg = Debug|Any CPU
		{2E9FA675-25D3-CEAA-7AF5-EEF9661D3C6A}.Debug|Any CPU.Build.0 = Debug|Any CPU
		{2E9FA675-25D3-CEAA-7AF5-EEF9661D3C6A}.Release|Any CPU.ActiveCfg = Release|Any CPU
		{2E9FA675-25D3-CEAA-7AF5-EEF9661D3C6A}.Release|Any CPU.Build.0 = Release|Any CPU
	EndGlobalSection
	GlobalSection(SolutionProperties) = preSolution
		HideSolutionNode = FALSE
	EndGlobalSection
	GlobalSection(ExtensibilityGlobals) = postSolution
		SolutionGuid = {FA613F4B-5DCA-4709-A5B2-F1D0A818EC79}
	EndGlobalSection
EndGlobal
